
Microsoft Visual Studio Solution File, Format Version 12.00
# Visual Studio Version 16
VisualStudioVersion = 16.0.30517.126
MinimumVisualStudioVersion = 10.0.40219.1
Project("{8BC9CEB8-8B4A-11D0-8D11-00A0C91BC942}") = "Exo1", "TP5\TP5.vcxproj", "{B3CDAF0A-CD85-4DF5-81B7-4FB559038827}"
EndProject
Project("{8BC9CEB8-8B4A-11D0-8D11-00A0C91BC942}") = "Exo2", "Exo2\Exo2.vcxproj", "{6EE3F391-A32B-4608-82E0-044770F9700B}"
EndProject
Global
	GlobalSection(SolutionConfigurationPlatforms) = preSolution
		Debug|x64 = Debug|x64
		Debug|x86 = Debug|x86
		Release|x64 = Release|x64
		Release|x86 = Release|x86
	EndGlobalSection
	GlobalSection(ProjectConfigurationPlatforms) = postSolution
		{B3CDAF0A-CD85-4DF5-81B7-4FB559038827}.Debug|x64.ActiveCfg = Debug|x64
		{B3CDAF0A-CD85-4DF5-81B7-4FB559038827}.Debug|x64.Build.0 = Debug|x64
		{B3CDAF0A-CD85-4DF5-81B7-4FB559038827}.Debug|x86.ActiveCfg = Debug|Win32
		{B3CDAF0A-CD85-4DF5-81B7-4FB559038827}.Debug|x86.Build.0 = Debug|Win32
		{B3CDAF0A-CD85-4DF5-81B7-4FB559038827}.Release|x64.ActiveCfg = Release|x64
		{B3CDAF0A-CD85-4DF5-81B7-4FB559038827}.Release|x64.Build.0 = Release|x64
		{B3CDAF0A-CD85-4DF5-81B7-4FB559038827}.Release|x86.ActiveCfg = Release|Win32
		{B3CDAF0A-CD85-4DF5-81B7-4FB559038827}.Release|x86.Build.0 = Release|Win32
		{6EE3F391-A32B-4608-82E0-044770F9700B}.Debug|x64.ActiveCfg = Debug|x64
		{6EE3F391-A32B-4608-82E0-044770F9700B}.Debug|x64.Build.0 = Debug|x64
		{6EE3F391-A32B-4608-82E0-044770F9700B}.Debug|x86.ActiveCfg = Debug|Win32
		{6EE3F391-A32B-4608-82E0-044770F9700B}.Debug|x86.Build.0 = Debug|Win32
		{6EE3F391-A32B-4608-82E0-044770F9700B}.Release|x64.ActiveCfg = Release|x64
		{6EE3F391-A32B-4608-82E0-044770F9700B}.Release|x64.Build.0 = Release|x64
		{6EE3F391-A32B-4608-82E0-044770F9700B}.Release|x86.ActiveCfg = Release|Win32
		{6EE3F391-A32B-4608-82E0-044770F9700B}.Release|x86.Build.0 = Release|Win32
	EndGlobalSection
	GlobalSection(SolutionProperties) = preSolution
		HideSolutionNode = FALSE
	EndGlobalSection
	GlobalSection(ExtensibilityGlobals) = postSolution
		SolutionGuid = {5FDA5F79-9888-4375-B68E-A50BD3282807}
	EndGlobalSection
EndGlobal
